
Microsoft Visual Studio Solution File, Format Version 12.00
# Visual Studio Version 17
VisualStudioVersion = 17.2.32526.322
MinimumVisualStudioVersion = 10.0.40219.1
Project("{FAE04EC0-301F-11D3-BF4B-00C04F79EFBC}") = "Aula13", "Aula13\Aula13.csproj", "{9FBAAFC5-5B49-4D78-9702-3BD5BE38AA48}"
EndProject
Project("{FAE04EC0-301F-11D3-BF4B-00C04F79EFBC}") = "Atividade02", "Atividade02\Atividade02.csproj", "{35004026-13CA-4712-A66A-1FD614C49FDB}"
EndProject
Global
	GlobalSection(SolutionConfigurationPlatforms) = preSolution
		Debug|Any CPU = Debug|Any CPU
		Release|Any CPU = Release|Any CPU
	EndGlobalSection
	GlobalSection(ProjectConfigurationPlatforms) = postSolution
		{9FBAAFC5-5B49-4D78-9702-3BD5BE38AA48}.Debug|Any CPU.ActiveCfg = Debug|Any CPU
		{9FBAAFC5-5B49-4D78-9702-3BD5BE38AA48}.Debug|Any CPU.Build.0 = Debug|Any CPU
		{9FBAAFC5-5B49-4D78-9702-3BD5BE38AA48}.Release|Any CPU.ActiveCfg = Release|Any CPU
		{9FBAAFC5-5B49-4D78-9702-3BD5BE38AA48}.Release|Any CPU.Build.0 = Release|Any CPU
		{35004026-13CA-4712-A66A-1FD614C49FDB}.Debug|Any CPU.ActiveCfg = Debug|Any CPU
		{35004026-13CA-4712-A66A-1FD614C49FDB}.Debug|Any CPU.Build.0 = Debug|Any CPU
		{35004026-13CA-4712-A66A-1FD614C49FDB}.Release|Any CPU.ActiveCfg = Release|Any CPU
		{35004026-13CA-4712-A66A-1FD614C49FDB}.Release|Any CPU.Build.0 = Release|Any CPU
	EndGlobalSection
	GlobalSection(SolutionProperties) = preSolution
		HideSolutionNode = FALSE
	EndGlobalSection
	GlobalSection(ExtensibilityGlobals) = postSolution
		SolutionGuid = {CAFE0859-A86C-4C32-8A45-3F3C553E5FAB}
	EndGlobalSection
EndGlobal
