
Microsoft Visual Studio Solution File, Format Version 12.00
# Visual Studio Version 17
VisualStudioVersion = 17.2.32526.322
MinimumVisualStudioVersion = 10.0.40219.1
Project("{FAE04EC0-301F-11D3-BF4B-00C04F79EFBC}") = "Atividade_2", "Atividade_2.csproj", "{D1D8A8A3-2C15-419C-B687-9350DD89D596}"
EndProject
Global
	GlobalSection(SolutionConfigurationPlatforms) = preSolution
		Debug|Any CPU = Debug|Any CPU
		Release|Any CPU = Release|Any CPU
	EndGlobalSection
	GlobalSection(ProjectConfigurationPlatforms) = postSolution
		{D1D8A8A3-2C15-419C-B687-9350DD89D596}.Debug|Any CPU.ActiveCfg = Debug|Any CPU
		{D1D8A8A3-2C15-419C-B687-9350DD89D596}.Debug|Any CPU.Build.0 = Debug|Any CPU
		{D1D8A8A3-2C15-419C-B687-9350DD89D596}.Release|Any CPU.ActiveCfg = Release|Any CPU
		{D1D8A8A3-2C15-419C-B687-9350DD89D596}.Release|Any CPU.Build.0 = Release|Any CPU
	EndGlobalSection
	GlobalSection(SolutionProperties) = preSolution
		HideSolutionNode = FALSE
	EndGlobalSection
	GlobalSection(ExtensibilityGlobals) = postSolution
		SolutionGuid = {267A9D9C-4437-4DC6-A8F7-1A73CE23CCF9}
	EndGlobalSection
EndGlobal
